// !$*UTF8*$!
{
	archiveVersion = 1;
	classes = {
	};
	objectVersion = 46;
	objects = {

/* Begin PBXBuildFile section */
		7A0AF4D21C87BE7B00CA01FB /* main.m in Sources */ = {isa = PBXBuildFile; fileRef = 7A0AF4D11C87BE7B00CA01FB /* main.m */; };
		7A0AF4D51C87BE7B00CA01FB /* AppDelegate.m in Sources */ = {isa = PBXBuildFile; fileRef = 7A0AF4D41C87BE7B00CA01FB /* AppDelegate.m */; };
		7A0AF4D71C87BE7B00CA01FB /* Assets.xcassets in Resources */ = {isa = PBXBuildFile; fileRef = 7A0AF4D61C87BE7B00CA01FB /* Assets.xcassets */; };
		7A0AF4DA1C87BE7B00CA01FB /* LaunchScreen.storyboard in Resources */ = {isa = PBXBuildFile; fileRef = 7A0AF4D81C87BE7B00CA01FB /* LaunchScreen.storyboard */; };
/* End PBXBuildFile section */

/* Begin PBXFileReference section */
		7A0AF4CD1C87BE7A00CA01FB /* TodayMessage.app */ = {isa = PBXFileReference; explicitFileType = wrapper.application; includeInIndex = 0; path = TodayMessage.app; sourceTree = BUILT_PRODUCTS_DIR; };
		7A0AF4D11C87BE7B00CA01FB /* main.m */ = {isa = PBXFileReference; lastKnownFileType = sourcecode.c.objc; path = main.m; sourceTree = "<group>"; };
		7A0AF4D31C87BE7B00CA01FB /* AppDelegate.h */ = {isa = PBXFileReference; lastKnownFileType = sourcecode.c.h; path = AppDelegate.h; sourceTree = "<group>"; };
		7A0AF4D41C87BE7B00CA01FB /* AppDelegate.m */ = {isa = PBXFileReference; lastKnownFileType = sourcecode.c.objc; path = AppDelegate.m; sourceTree = "<group>"; };
		7A0AF4D61C87BE7B00CA01FB /* Assets.xcassets */ = {isa = PBXFileReference; lastKnownFileType = folder.assetcatalog; path = Assets.xcassets; sourceTree = "<group>"; };
		7A0AF4D91C87BE7B00CA01FB /* Base */ = {isa = PBXFileReference; lastKnownFileType = file.storyboard; name = Base; path = Base.lproj/LaunchScreen.storyboard; sourceTree = "<group>"; };
		7A0AF4DB1C87BE7B00CA01FB /* Info.plist */ = {isa = PBXFileReference; lastKnownFileType = text.plist.xml; path = Info.plist; sourceTree = "<group>"; };
/* End PBXFileReference section */

/* Begin PBXFrameworksBuildPhase section */
		7A0AF4CA1C87BE7A00CA01FB /* Frameworks */ = {
			isa = PBXFrameworksBuildPhase;
			buildActionMask = 2147483647;
			files = (
			);
			runOnlyForDeploymentPostprocessing = 0;
		};
/* End PBXFrameworksBuildPhase section */

/* Begin PBXGroup section */
		7A0AF4C41C87BE7A00CA01FB = {
			isa = PBXGroup;
			children = (
				7A0AF4CF1C87BE7A00CA01FB /* TodayMessage */,
				7A0AF4CE1C87BE7A00CA01FB /* Products */,
			);
			sourceTree = "<group>";
		};
		7A0AF4CE1C87BE7A00CA01FB /* Products */ = {
			isa = PBXGroup;
			children = (
				7A0AF4CD1C87BE7A00CA01FB /* TodayMessage.app */,
			);
			name = Products;
			sourceTree = "<group>";
		};
		7A0AF4CF1C87BE7A00CA01FB /* TodayMessage */ = {
			isa = PBXGroup;
			children = (
				7A0AF4D31C87BE7B00CA01FB /* AppDelegate.h */,
				7A0AF4D41C87BE7B00CA01FB /* AppDelegate.m */,
				7A0AF4D61C87BE7B00CA01FB /* Assets.xcassets */,
				7A0AF4D81C87BE7B00CA01FB /* LaunchScreen.storyboard */,
				7A0AF4DB1C87BE7B00CA01FB /* Info.plist */,
				7A0AF4D01C87BE7A00CA01FB /* Supporting Files */,
			);
			path = TodayMessage;
			sourceTree = "<group>";
		};
		7A0AF4D01C87BE7A00CA01FB /* Supporting Files */ = {
			isa = PBXGroup;
			children = (
				7A0AF4D11C87BE7B00CA01FB /* main.m */,
			);
			name = "Supporting Files";
			sourceTree = "<group>";
		};
/* End PBXGroup section */

/* Begin PBXNativeTarget section */
		7A0AF4CC1C87BE7A00CA01FB /* TodayMessage */ = {
			isa = PBXNativeTarget;
			buildConfigurationList = 7A0AF4DE1C87BE7B00CA01FB /* Build configuration list for PBXNativeTarget "TodayMessage" */;
			buildPhases = (
				7A0AF4C91C87BE7A00CA01FB /* Sources */,
				7A0AF4CA1C87BE7A00CA01FB /* Frameworks */,
				7A0AF4CB1C87BE7A00CA01FB /* Resources */,
			);
			buildRules = (
			);
			dependencies = (
			);
			name = TodayMessage;
			productName = TodayMessage;
			productReference = 7A0AF4CD1C87BE7A00CA01FB /* TodayMessage.app */;
			productType = "com.apple.product-type.application";
		};
/* End PBXNativeTarget section */

/* Begin PBXProject section */
		7A0AF4C51C87BE7A00CA01FB /* Project object */ = {
			isa = PBXProject;
			attributes = {
				LastUpgradeCheck = 0720;
				ORGANIZATIONNAME = "苹果IOS";
				TargetAttributes = {
					7A0AF4CC1C87BE7A00CA01FB = {
						CreatedOnToolsVersion = 7.2;
						DevelopmentTeam = 79CUC8PXWU;
					};
				};
			};
			buildConfigurationList = 7A0AF4C81C87BE7A00CA01FB /* Build configuration list for PBXProject "TodayMessage" */;
			compatibilityVersion = "Xcode 3.2";
			developmentRegion = English;
			hasScannedForEncodings = 0;
			knownRegions = (
				en,
				Base,
			);
			mainGroup = 7A0AF4C41C87BE7A00CA01FB;
			productRefGroup = 7A0AF4CE1C87BE7A00CA01FB /* Products */;
			projectDirPath = "";
			projectRoot = "";
			targets = (
				7A0AF4CC1C87BE7A00CA01FB /* TodayMessage */,
			);
		};
/* End PBXProject section */

/* Begin PBXResourcesBuildPhase section */
		7A0AF4CB1C87BE7A00CA01FB /* Resources */ = {
			isa = PBXResourcesBuildPhase;
			buildActionMask = 2147483647;
			files = (
				7A0AF4D71C87BE7B00CA01FB /* Assets.xcassets in Resources */,
				7A0AF4DA1C87BE7B00CA01FB /* LaunchScreen.storyboard in Resources */,
			);
			runOnlyForDeploymentPostprocessing = 0;
		};
/* End PBXResourcesBuildPhase section */

/* Begin PBXSourcesBuildPhase section */
		7A0AF4C91C87BE7A00CA01FB /* Sources */ = {
			isa = PBXSourcesBuildPhase;
			buildActionMask = 2147483647;
			files = (
				7A0AF4D51C87BE7B00CA01FB /* AppDelegate.m in Sources */,
				7A0AF4D21C87BE7B00CA01FB /* main.m in Sources */,
			);
			runOnlyForDeploymentPostprocessing = 0;
		};
/* End PBXSourcesBuildPhase section */

/* Begin PBXVariantGroup section */
		7A0AF4D81C87BE7B00CA01FB /* LaunchScreen.storyboard */ = {
			isa = PBXVariantGroup;
			children = (
				7A0AF4D91C87BE7B00CA01FB /* Base */,
			);
			name = LaunchScreen.storyboard;
			sourceTree = "<group>";
		};
/* End PBXVariantGroup section */

/* Begin XCBuildConfiguration section */
		7A0AF4DC1C87BE7B00CA01FB /* Debug */ = {
			isa = XCBuildConfiguration;
			buildSettings = {
				ALWAYS_SEARCH_USER_PATHS = NO;
				CLANG_CXX_LANGUAGE_STANDARD = "gnu++0x";
				CLANG_CXX_LIBRARY = "libc++";
				CLANG_ENABLE_MODULES = YES;
				CLANG_ENABLE_OBJC_ARC = YES;
				CLANG_WARN_BOOL_CONVERSION = YES;
				CLANG_WARN_CONSTANT_CONVERSION = YES;
				CLANG_WARN_DIRECT_OBJC_ISA_USAGE = YES_ERROR;
				CLANG_WARN_EMPTY_BODY = YES;
				CLANG_WARN_ENUM_CONVERSION = YES;
				CLANG_WARN_INT_CONVERSION = YES;
				CLANG_WARN_OBJC_ROOT_CLASS = YES_ERROR;
				CLANG_WARN_UNREACHABLE_CODE = YES;
				CLANG_WARN__DUPLICATE_METHOD_MATCH = YES;
				"CODE_SIGN_IDENTITY[sdk=iphoneos*]" = "iPhone Developer";
				COPY_PHASE_STRIP = NO;
				DEBUG_INFORMATION_FORMAT = dwarf;
				ENABLE_STRICT_OBJC_MSGSEND = YES;
				ENABLE_TESTABILITY = YES;
				GCC_C_LANGUAGE_STANDARD = gnu99;
				GCC_DYNAMIC_NO_PIC = NO;
				GCC_NO_COMMON_BLOCKS = YES;
				GCC_OPTIMIZATION_LEVEL = 0;
				GCC_PREPROCESSOR_DEFINITIONS = (
					"DEBUG=1",
					"$(inherited)",
				);
				GCC_WARN_64_TO_32_BIT_CONVERSION = YES;
				GCC_WARN_ABOUT_RETURN_TYPE = YES_ERROR;
				GCC_WARN_UNDECLARED_SELECTOR = YES;
				GCC_WARN_UNINITIALIZED_AUTOS = YES_AGGRESSIVE;
				GCC_WARN_UNUSED_FUNCTION = YES;
				GCC_WARN_UNUSED_VARIABLE = YES;
				IPHONEOS_DEPLOYMENT_TARGET = 9.2;
				MTL_ENABLE_DEBUG_INFO = YES;
				ONLY_ACTIVE_ARCH = YES;
				SDKROOT = iphoneos;
			};
			name = Debug;
		};
		7A0AF4DD1C87BE7B00CA01FB /* Release */ = {
			isa = XCBuildConfiguration;
			buildSettings = {
				ALWAYS_SEARCH_USER_PATHS = NO;
				CLANG_CXX_LANGUAGE_STANDARD = "gnu++0x";
				CLANG_CXX_LIBRARY = "libc++";
				CLANG_ENABLE_MODULES = YES;
				CLANG_ENABLE_OBJC_ARC = YES;
				CLANG_WARN_BOOL_CONVERSION = YES;
				CLANG_WARN_CONSTANT_CONVERSION = YES;
				CLANG_WARN_DIRECT_OBJC_ISA_USAGE = YES_ERROR;
				CLANG_WARN_EMPTY_BODY = YES;
				CLANG_WARN_ENUM_CONVERSION = YES;
				CLANG_WARN_INT_CONVERSION = YES;
				CLANG_WARN_OBJC_ROOT_CLASS = YES_ERROR;
				CLANG_WARN_UNREACHABLE_CODE = YES;
				CLANG_WARN__DUPLICATE_METHOD_MATCH = YES;
				"CODE_SIGN_IDENTITY[sdk=iphoneos*]" = "iPhone Developer";
				COPY_PHASE_STRIP = NO;
				DEBUG_INFORMATION_FORMAT = "dwarf-with-dsym";
				ENABLE_NS_ASSERTIONS = NO;
				ENABLE_STRICT_OBJC_MSGSEND = YES;
				GCC_C_LANGUAGE_STANDARD = gnu99;
				GCC_NO_COMMON_BLOCKS = YES;
				GCC_WARN_64_TO_32_BIT_CONVERSION = YES;
				GCC_WARN_ABOUT_RETURN_TYPE = YES_ERROR;
				GCC_WARN_UNDECLARED_SELECTOR = YES;
				GCC_WARN_UNINITIALIZED_AUTOS = YES_AGGRESSIVE;
				GCC_WARN_UNUSED_FUNCTION = YES;
				GCC_WARN_UNUSED_VARIABLE = YES;
				IPHONEOS_DEPLOYMENT_TARGET = 9.2;
				MTL_ENABLE_DEBUG_INFO = NO;
				SDKROOT = iphoneos;
				VALIDATE_PRODUCT = YES;
			};
			name = Release;
		};
		7A0AF4DF1C87BE7B00CA01FB /* Debug */ = {
			isa = XCBuildConfiguration;
			buildSettings = {
				ASSETCATALOG_COMPILER_APPICON_NAME = AppIcon;
				INFOPLIST_FILE = TodayMessage/Info.plist;
				LD_RUNPATH_SEARCH_PATHS = "$(inherited) @executable_path/Frameworks";
				PRODUCT_BUNDLE_IDENTIFIER = com.apple.TodayMessage;
				PRODUCT_NAME = "$(TARGET_NAME)";
			};
			name = Debug;
		};
		7A0AF4E01C87BE7B00CA01FB /* Release */ = {
			isa = XCBuildConfiguration;
			buildSettings = {
				ASSETCATALOG_COMPILER_APPICON_NAME = AppIcon;
				INFOPLIST_FILE = TodayMessage/Info.plist;
				LD_RUNPATH_SEARCH_PATHS = "$(inherited) @executable_path/Frameworks";
				PRODUCT_BUNDLE_IDENTIFIER = com.apple.TodayMessage;
				PRODUCT_NAME = "$(TARGET_NAME)";
			};
			name = Release;
		};
/* End XCBuildConfiguration section */

/* Begin XCConfigurationList section */
		7A0AF4C81C87BE7A00CA01FB /* Build configuration list for PBXProject "TodayMessage" */ = {
			isa = XCConfigurationList;
			buildConfigurations = (
				7A0AF4DC1C87BE7B00CA01FB /* Debug */,
				7A0AF4DD1C87BE7B00CA01FB /* Release */,
			);
			defaultConfigurationIsVisible = 0;
			defaultConfigurationName = Release;
		};
		7A0AF4DE1C87BE7B00CA01FB /* Build configuration list for PBXNativeTarget "TodayMessage" */ = {
			isa = XCConfigurationList;
			buildConfigurations = (
				7A0AF4DF1C87BE7B00CA01FB /* Debug */,
				7A0AF4E01C87BE7B00CA01FB /* Release */,
			);
			defaultConfigurationIsVisible = 0;
		};
/* End XCConfigurationList section */
	};
	rootObject = 7A0AF4C51C87BE7A00CA01FB /* Project object */;
}
